
Microsoft Visual Studio Solution File, Format Version 12.00
# Visual Studio 15
Project("{FAE04EC0-301F-11D3-BF4B-00C04F79EFBC}") = "Xamarin.CodeAnalysis.Addin", "Xamarin.CodeAnalysis.Addin\Xamarin.CodeAnalysis.Addin.csproj", "{C504186F-1CF5-478D-A3D5-A3153EBE6E2A}"
EndProject
Project("{FAE04EC0-301F-11D3-BF4B-00C04F79EFBC}") = "Xamarin.CodeAnalysis", "Xamarin.CodeAnalysis\Xamarin.CodeAnalysis.csproj", "{8A5348CC-C5A8-4D3D-B77E-C3CEE85BE8AF}"
EndProject
Global
	GlobalSection(SolutionConfigurationPlatforms) = preSolution
		Debug|Any CPU = Debug|Any CPU
		Release|Any CPU = Release|Any CPU
	EndGlobalSection
	GlobalSection(ProjectConfigurationPlatforms) = postSolution
		{C504186F-1CF5-478D-A3D5-A3153EBE6E2A}.Debug|Any CPU.ActiveCfg = Debug|Any CPU
		{C504186F-1CF5-478D-A3D5-A3153EBE6E2A}.Debug|Any CPU.Build.0 = Debug|Any CPU
		{C504186F-1CF5-478D-A3D5-A3153EBE6E2A}.Release|Any CPU.ActiveCfg = Release|Any CPU
		{C504186F-1CF5-478D-A3D5-A3153EBE6E2A}.Release|Any CPU.Build.0 = Release|Any CPU
		{8A5348CC-C5A8-4D3D-B77E-C3CEE85BE8AF}.Debug|Any CPU.ActiveCfg = Debug|Any CPU
		{8A5348CC-C5A8-4D3D-B77E-C3CEE85BE8AF}.Debug|Any CPU.Build.0 = Debug|Any CPU
		{8A5348CC-C5A8-4D3D-B77E-C3CEE85BE8AF}.Release|Any CPU.ActiveCfg = Release|Any CPU
		{8A5348CC-C5A8-4D3D-B77E-C3CEE85BE8AF}.Release|Any CPU.Build.0 = Release|Any CPU
	EndGlobalSection
EndGlobal
