
Microsoft Visual Studio Solution File, Format Version 12.00
# Visual Studio Version 16
VisualStudioVersion = 16.0.28223.52
MinimumVisualStudioVersion = 10.0.40219.1
Project("{9A19103F-16F7-4668-BE54-9A1E7A4F7556}") = "Xamarin.CodeAnalysis", "Xamarin.CodeAnalysis\Xamarin.CodeAnalysis.csproj", "{A83DFC4B-4270-4A1A-8438-897A8AA61AE0}"
EndProject
Project("{9A19103F-16F7-4668-BE54-9A1E7A4F7556}") = "Xamarin.CodeAnalysis.Completion", "Xamarin.CodeAnalysis.Completion\Xamarin.CodeAnalysis.Completion.csproj", "{E5EA94F5-3B00-40E9-B45A-0CF3C995D9E8}"
EndProject
Project("{9A19103F-16F7-4668-BE54-9A1E7A4F7556}") = "Xamarin.CodeAnalysis.Tests", "Xamarin.CodeAnalysis.Tests\Xamarin.CodeAnalysis.Tests.csproj", "{366C371C-0FCE-4357-87AE-C03F5DB8D47E}"
EndProject
Project("{9A19103F-16F7-4668-BE54-9A1E7A4F7556}") = "Xamarin.CodeAnalysis.Extension", "Xamarin.CodeAnalysis.Extension\Xamarin.CodeAnalysis.Extension.csproj", "{D84C73D3-0DA3-4723-9C3C-6F4B9FD07514}"
EndProject
Project("{2150E333-8FDC-42A3-9474-1A3956D46DE8}") = "Solution Items", "Solution Items", "{ADBB9E34-F6F8-4E54-82AA-279EE5DDFD15}"
	ProjectSection(SolutionItems) = preProject
		..\azure-pipelines.yml = ..\azure-pipelines.yml
		Directory.Build.props = Directory.Build.props
		Directory.Build.targets = Directory.Build.targets
		GitInfo.txt = GitInfo.txt
		global.json = global.json
		..\nuget.config = ..\nuget.config
		Packages.props = Packages.props
		..\README.md = ..\README.md
	EndProjectSection
EndProject
Project("{9A19103F-16F7-4668-BE54-9A1E7A4F7556}") = "Xamarin.CodeAnalysis.Remote", "Xamarin.CodeAnalysis.Remote\Xamarin.CodeAnalysis.Remote.csproj", "{BFD12615-4DF8-4141-9A03-1B082457F699}"
EndProject
Global
	GlobalSection(SolutionConfigurationPlatforms) = preSolution
		Debug|Any CPU = Debug|Any CPU
		Release|Any CPU = Release|Any CPU
	EndGlobalSection
	GlobalSection(ProjectConfigurationPlatforms) = postSolution
		{A83DFC4B-4270-4A1A-8438-897A8AA61AE0}.Debug|Any CPU.ActiveCfg = Debug|Any CPU
		{A83DFC4B-4270-4A1A-8438-897A8AA61AE0}.Debug|Any CPU.Build.0 = Debug|Any CPU
		{A83DFC4B-4270-4A1A-8438-897A8AA61AE0}.Release|Any CPU.ActiveCfg = Release|Any CPU
		{A83DFC4B-4270-4A1A-8438-897A8AA61AE0}.Release|Any CPU.Build.0 = Release|Any CPU
		{E5EA94F5-3B00-40E9-B45A-0CF3C995D9E8}.Debug|Any CPU.ActiveCfg = Debug|Any CPU
		{E5EA94F5-3B00-40E9-B45A-0CF3C995D9E8}.Debug|Any CPU.Build.0 = Debug|Any CPU
		{E5EA94F5-3B00-40E9-B45A-0CF3C995D9E8}.Release|Any CPU.ActiveCfg = Release|Any CPU
		{E5EA94F5-3B00-40E9-B45A-0CF3C995D9E8}.Release|Any CPU.Build.0 = Release|Any CPU
		{366C371C-0FCE-4357-87AE-C03F5DB8D47E}.Debug|Any CPU.ActiveCfg = Debug|Any CPU
		{366C371C-0FCE-4357-87AE-C03F5DB8D47E}.Debug|Any CPU.Build.0 = Debug|Any CPU
		{366C371C-0FCE-4357-87AE-C03F5DB8D47E}.Release|Any CPU.ActiveCfg = Release|Any CPU
		{366C371C-0FCE-4357-87AE-C03F5DB8D47E}.Release|Any CPU.Build.0 = Release|Any CPU
		{D84C73D3-0DA3-4723-9C3C-6F4B9FD07514}.Debug|Any CPU.ActiveCfg = Debug|x86
		{D84C73D3-0DA3-4723-9C3C-6F4B9FD07514}.Debug|Any CPU.Build.0 = Debug|x86
		{D84C73D3-0DA3-4723-9C3C-6F4B9FD07514}.Release|Any CPU.ActiveCfg = Release|x86
		{D84C73D3-0DA3-4723-9C3C-6F4B9FD07514}.Release|Any CPU.Build.0 = Release|x86
		{BFD12615-4DF8-4141-9A03-1B082457F699}.Debug|Any CPU.ActiveCfg = Debug|Any CPU
		{BFD12615-4DF8-4141-9A03-1B082457F699}.Debug|Any CPU.Build.0 = Debug|Any CPU
		{BFD12615-4DF8-4141-9A03-1B082457F699}.Release|Any CPU.ActiveCfg = Release|Any CPU
		{BFD12615-4DF8-4141-9A03-1B082457F699}.Release|Any CPU.Build.0 = Release|Any CPU
	EndGlobalSection
	GlobalSection(SolutionProperties) = preSolution
		HideSolutionNode = FALSE
	EndGlobalSection
	GlobalSection(ExtensibilityGlobals) = postSolution
		SolutionGuid = {C136E0D2-8637-4CDE-803F-4FCB33350FD8}
	EndGlobalSection
EndGlobal
